{
  "object": {
    "pins": [
      {
        "package": "CommonKit",
        "repositoryURL": "https://github.com/pomozoff/CommonKit.git",
        "state": {
          "branch": "main",
          "revision": "0cdc481f9131edda71aba27b404af98d2600ad43",
          "version": null
        }
      }
    ]
  },
  "version": 1
}
